
Microsoft Visual Studio Solution File, Format Version 12.00
# Visual Studio Version 16
VisualStudioVersion = 16.0.29519.87
MinimumVisualStudioVersion = 10.0.40219.1
Project("{FAE04EC0-301F-11D3-BF4B-00C04F79EFBC}") = "TimeSpan", "TimeSpan\TimeSpan.csproj", "{E26F6BB0-C6F1-42FA-9C44-C06CDB6177EC}"
EndProject
Global
	GlobalSection(SolutionConfigurationPlatforms) = preSolution
		Debug|Any CPU = Debug|Any CPU
		Release|Any CPU = Release|Any CPU
	EndGlobalSection
	GlobalSection(ProjectConfigurationPlatforms) = postSolution
		{E26F6BB0-C6F1-42FA-9C44-C06CDB6177EC}.Debug|Any CPU.ActiveCfg = Debug|Any CPU
		{E26F6BB0-C6F1-42FA-9C44-C06CDB6177EC}.Debug|Any CPU.Build.0 = Debug|Any CPU
		{E26F6BB0-C6F1-42FA-9C44-C06CDB6177EC}.Release|Any CPU.ActiveCfg = Release|Any CPU
		{E26F6BB0-C6F1-42FA-9C44-C06CDB6177EC}.Release|Any CPU.Build.0 = Release|Any CPU
	EndGlobalSection
	GlobalSection(SolutionProperties) = preSolution
		HideSolutionNode = FALSE
	EndGlobalSection
	GlobalSection(ExtensibilityGlobals) = postSolution
		SolutionGuid = {1F2205AA-1BC3-426E-8F9B-F049E077AD5C}
	EndGlobalSection
EndGlobal
