
Microsoft Visual Studio Solution File, Format Version 12.00
# Visual Studio Version 16
VisualStudioVersion = 16.0.29519.87
MinimumVisualStudioVersion = 10.0.40219.1
Project("{FAE04EC0-301F-11D3-BF4B-00C04F79EFBC}") = "ExercicioFixacao", "ExercicioFixacao\ExercicioFixacao.csproj", "{389650F6-664F-4269-A773-FF136E5FC90D}"
EndProject
Global
	GlobalSection(SolutionConfigurationPlatforms) = preSolution
		Debug|Any CPU = Debug|Any CPU
		Release|Any CPU = Release|Any CPU
	EndGlobalSection
	GlobalSection(ProjectConfigurationPlatforms) = postSolution
		{389650F6-664F-4269-A773-FF136E5FC90D}.Debug|Any CPU.ActiveCfg = Debug|Any CPU
		{389650F6-664F-4269-A773-FF136E5FC90D}.Debug|Any CPU.Build.0 = Debug|Any CPU
		{389650F6-664F-4269-A773-FF136E5FC90D}.Release|Any CPU.ActiveCfg = Release|Any CPU
		{389650F6-664F-4269-A773-FF136E5FC90D}.Release|Any CPU.Build.0 = Release|Any CPU
	EndGlobalSection
	GlobalSection(SolutionProperties) = preSolution
		HideSolutionNode = FALSE
	EndGlobalSection
	GlobalSection(ExtensibilityGlobals) = postSolution
		SolutionGuid = {1106EB2D-0E14-4B08-B885-6C7705D296E2}
	EndGlobalSection
EndGlobal
