
Microsoft Visual Studio Solution File, Format Version 12.00
# Visual Studio Version 16
VisualStudioVersion = 16.0.29519.87
MinimumVisualStudioVersion = 10.0.40219.1
Project("{FAE04EC0-301F-11D3-BF4B-00C04F79EFBC}") = "List", "List\List.csproj", "{1020B3BB-B84A-4166-A392-A65C7F0866AB}"
EndProject
Global
	GlobalSection(SolutionConfigurationPlatforms) = preSolution
		Debug|Any CPU = Debug|Any CPU
		Release|Any CPU = Release|Any CPU
	EndGlobalSection
	GlobalSection(ProjectConfigurationPlatforms) = postSolution
		{1020B3BB-B84A-4166-A392-A65C7F0866AB}.Debug|Any CPU.ActiveCfg = Debug|Any CPU
		{1020B3BB-B84A-4166-A392-A65C7F0866AB}.Debug|Any CPU.Build.0 = Debug|Any CPU
		{1020B3BB-B84A-4166-A392-A65C7F0866AB}.Release|Any CPU.ActiveCfg = Release|Any CPU
		{1020B3BB-B84A-4166-A392-A65C7F0866AB}.Release|Any CPU.Build.0 = Release|Any CPU
	EndGlobalSection
	GlobalSection(SolutionProperties) = preSolution
		HideSolutionNode = FALSE
	EndGlobalSection
	GlobalSection(ExtensibilityGlobals) = postSolution
		SolutionGuid = {B5261726-D478-4F19-B8FA-504BA52E5477}
	EndGlobalSection
EndGlobal
