
Microsoft Visual Studio Solution File, Format Version 12.00
# Visual Studio Version 16
VisualStudioVersion = 16.0.29519.87
MinimumVisualStudioVersion = 10.0.40219.1
Project("{FAE04EC0-301F-11D3-BF4B-00C04F79EFBC}") = "FileStreamStreamReader", "FileStreamStreamReader\FileStreamStreamReader.csproj", "{CC8A97E0-0FBA-486A-80AB-9C37498A8E58}"
EndProject
Global
	GlobalSection(SolutionConfigurationPlatforms) = preSolution
		Debug|Any CPU = Debug|Any CPU
		Release|Any CPU = Release|Any CPU
	EndGlobalSection
	GlobalSection(ProjectConfigurationPlatforms) = postSolution
		{CC8A97E0-0FBA-486A-80AB-9C37498A8E58}.Debug|Any CPU.ActiveCfg = Debug|Any CPU
		{CC8A97E0-0FBA-486A-80AB-9C37498A8E58}.Debug|Any CPU.Build.0 = Debug|Any CPU
		{CC8A97E0-0FBA-486A-80AB-9C37498A8E58}.Release|Any CPU.ActiveCfg = Release|Any CPU
		{CC8A97E0-0FBA-486A-80AB-9C37498A8E58}.Release|Any CPU.Build.0 = Release|Any CPU
	EndGlobalSection
	GlobalSection(SolutionProperties) = preSolution
		HideSolutionNode = FALSE
	EndGlobalSection
	GlobalSection(ExtensibilityGlobals) = postSolution
		SolutionGuid = {6F39F32B-4C20-4E73-AD24-5E1AD0D6DCD0}
	EndGlobalSection
EndGlobal
