
Microsoft Visual Studio Solution File, Format Version 12.00
# Visual Studio Version 16
VisualStudioVersion = 16.0.29519.87
MinimumVisualStudioVersion = 10.0.40219.1
Project("{FAE04EC0-301F-11D3-BF4B-00C04F79EFBC}") = "FuncoesString", "FuncoesString\FuncoesString.csproj", "{F72B9940-0D94-4324-A669-E11540C37F87}"
EndProject
Global
	GlobalSection(SolutionConfigurationPlatforms) = preSolution
		Debug|Any CPU = Debug|Any CPU
		Release|Any CPU = Release|Any CPU
	EndGlobalSection
	GlobalSection(ProjectConfigurationPlatforms) = postSolution
		{F72B9940-0D94-4324-A669-E11540C37F87}.Debug|Any CPU.ActiveCfg = Debug|Any CPU
		{F72B9940-0D94-4324-A669-E11540C37F87}.Debug|Any CPU.Build.0 = Debug|Any CPU
		{F72B9940-0D94-4324-A669-E11540C37F87}.Release|Any CPU.ActiveCfg = Release|Any CPU
		{F72B9940-0D94-4324-A669-E11540C37F87}.Release|Any CPU.Build.0 = Release|Any CPU
	EndGlobalSection
	GlobalSection(SolutionProperties) = preSolution
		HideSolutionNode = FALSE
	EndGlobalSection
	GlobalSection(ExtensibilityGlobals) = postSolution
		SolutionGuid = {A4586512-77B2-4309-A0F1-F276D20ABF83}
	EndGlobalSection
EndGlobal
