
Microsoft Visual Studio Solution File, Format Version 12.00
# Visual Studio Version 16
VisualStudioVersion = 16.0.29519.87
MinimumVisualStudioVersion = 10.0.40219.1
Project("{FAE04EC0-301F-11D3-BF4B-00C04F79EFBC}") = "Foreach", "Foreach\Foreach.csproj", "{61B0B8A4-D431-4268-B5A8-3217595C4B32}"
EndProject
Global
	GlobalSection(SolutionConfigurationPlatforms) = preSolution
		Debug|Any CPU = Debug|Any CPU
		Release|Any CPU = Release|Any CPU
	EndGlobalSection
	GlobalSection(ProjectConfigurationPlatforms) = postSolution
		{61B0B8A4-D431-4268-B5A8-3217595C4B32}.Debug|Any CPU.ActiveCfg = Debug|Any CPU
		{61B0B8A4-D431-4268-B5A8-3217595C4B32}.Debug|Any CPU.Build.0 = Debug|Any CPU
		{61B0B8A4-D431-4268-B5A8-3217595C4B32}.Release|Any CPU.ActiveCfg = Release|Any CPU
		{61B0B8A4-D431-4268-B5A8-3217595C4B32}.Release|Any CPU.Build.0 = Release|Any CPU
	EndGlobalSection
	GlobalSection(SolutionProperties) = preSolution
		HideSolutionNode = FALSE
	EndGlobalSection
	GlobalSection(ExtensibilityGlobals) = postSolution
		SolutionGuid = {951BE610-CF2F-454E-91FE-3D703A0DEA18}
	EndGlobalSection
EndGlobal
