
Microsoft Visual Studio Solution File, Format Version 12.00
# Visual Studio Version 16
VisualStudioVersion = 16.0.29519.87
MinimumVisualStudioVersion = 10.0.40219.1
Project("{FAE04EC0-301F-11D3-BF4B-00C04F79EFBC}") = "DateTimeKind", "DateTimeKind\DateTimeKind.csproj", "{C693DA5E-D87E-4408-87A4-5593644EFFE7}"
EndProject
Global
	GlobalSection(SolutionConfigurationPlatforms) = preSolution
		Debug|Any CPU = Debug|Any CPU
		Release|Any CPU = Release|Any CPU
	EndGlobalSection
	GlobalSection(ProjectConfigurationPlatforms) = postSolution
		{C693DA5E-D87E-4408-87A4-5593644EFFE7}.Debug|Any CPU.ActiveCfg = Debug|Any CPU
		{C693DA5E-D87E-4408-87A4-5593644EFFE7}.Debug|Any CPU.Build.0 = Debug|Any CPU
		{C693DA5E-D87E-4408-87A4-5593644EFFE7}.Release|Any CPU.ActiveCfg = Release|Any CPU
		{C693DA5E-D87E-4408-87A4-5593644EFFE7}.Release|Any CPU.Build.0 = Release|Any CPU
	EndGlobalSection
	GlobalSection(SolutionProperties) = preSolution
		HideSolutionNode = FALSE
	EndGlobalSection
	GlobalSection(ExtensibilityGlobals) = postSolution
		SolutionGuid = {1ED86279-6384-4DB5-9AD5-8DA14C39A423}
	EndGlobalSection
EndGlobal
