
Microsoft Visual Studio Solution File, Format Version 12.00
# Visual Studio Version 16
VisualStudioVersion = 16.0.29519.87
MinimumVisualStudioVersion = 10.0.40219.1
Project("{FAE04EC0-301F-11D3-BF4B-00C04F79EFBC}") = "FileStreamStreamReader2", "FileStreamStreamReader2\FileStreamStreamReader2.csproj", "{0D234292-3B26-417A-9E44-65DDCA007104}"
EndProject
Global
	GlobalSection(SolutionConfigurationPlatforms) = preSolution
		Debug|Any CPU = Debug|Any CPU
		Release|Any CPU = Release|Any CPU
	EndGlobalSection
	GlobalSection(ProjectConfigurationPlatforms) = postSolution
		{0D234292-3B26-417A-9E44-65DDCA007104}.Debug|Any CPU.ActiveCfg = Debug|Any CPU
		{0D234292-3B26-417A-9E44-65DDCA007104}.Debug|Any CPU.Build.0 = Debug|Any CPU
		{0D234292-3B26-417A-9E44-65DDCA007104}.Release|Any CPU.ActiveCfg = Release|Any CPU
		{0D234292-3B26-417A-9E44-65DDCA007104}.Release|Any CPU.Build.0 = Release|Any CPU
	EndGlobalSection
	GlobalSection(SolutionProperties) = preSolution
		HideSolutionNode = FALSE
	EndGlobalSection
	GlobalSection(ExtensibilityGlobals) = postSolution
		SolutionGuid = {1F0D3D3F-0FCC-4D54-9AF1-33356911923A}
	EndGlobalSection
EndGlobal
