
Microsoft Visual Studio Solution File, Format Version 12.00
# Visual Studio Version 16
VisualStudioVersion = 16.0.29418.71
MinimumVisualStudioVersion = 10.0.40219.1
Project("{FAE04EC0-301F-11D3-BF4B-00C04F79EFBC}") = "ContrutorComThis", "ContrutorComThis\ContrutorComThis.csproj", "{68F39AD9-14DD-4E9B-8DDF-97FB31C69229}"
EndProject
Global
	GlobalSection(SolutionConfigurationPlatforms) = preSolution
		Debug|Any CPU = Debug|Any CPU
		Release|Any CPU = Release|Any CPU
	EndGlobalSection
	GlobalSection(ProjectConfigurationPlatforms) = postSolution
		{68F39AD9-14DD-4E9B-8DDF-97FB31C69229}.Debug|Any CPU.ActiveCfg = Debug|Any CPU
		{68F39AD9-14DD-4E9B-8DDF-97FB31C69229}.Debug|Any CPU.Build.0 = Debug|Any CPU
		{68F39AD9-14DD-4E9B-8DDF-97FB31C69229}.Release|Any CPU.ActiveCfg = Release|Any CPU
		{68F39AD9-14DD-4E9B-8DDF-97FB31C69229}.Release|Any CPU.Build.0 = Release|Any CPU
	EndGlobalSection
	GlobalSection(SolutionProperties) = preSolution
		HideSolutionNode = FALSE
	EndGlobalSection
	GlobalSection(ExtensibilityGlobals) = postSolution
		SolutionGuid = {E7B46CD4-DDE5-4696-8835-2ED6D4BF723A}
	EndGlobalSection
EndGlobal
