
Microsoft Visual Studio Solution File, Format Version 12.00
# Visual Studio Version 16
VisualStudioVersion = 16.0.29411.108
MinimumVisualStudioVersion = 10.0.40219.1
Project("{FAE04EC0-301F-11D3-BF4B-00C04F79EFBC}") = "EntradaDeDados", "EntradaDeDados\EntradaDeDados.csproj", "{9E1BE895-9D27-473D-A523-5EF2EDE41DA3}"
EndProject
Global
	GlobalSection(SolutionConfigurationPlatforms) = preSolution
		Debug|Any CPU = Debug|Any CPU
		Release|Any CPU = Release|Any CPU
	EndGlobalSection
	GlobalSection(ProjectConfigurationPlatforms) = postSolution
		{9E1BE895-9D27-473D-A523-5EF2EDE41DA3}.Debug|Any CPU.ActiveCfg = Debug|Any CPU
		{9E1BE895-9D27-473D-A523-5EF2EDE41DA3}.Debug|Any CPU.Build.0 = Debug|Any CPU
		{9E1BE895-9D27-473D-A523-5EF2EDE41DA3}.Release|Any CPU.ActiveCfg = Release|Any CPU
		{9E1BE895-9D27-473D-A523-5EF2EDE41DA3}.Release|Any CPU.Build.0 = Release|Any CPU
	EndGlobalSection
	GlobalSection(SolutionProperties) = preSolution
		HideSolutionNode = FALSE
	EndGlobalSection
	GlobalSection(ExtensibilityGlobals) = postSolution
		SolutionGuid = {EC73D0B8-63F7-4CB5-AF4C-B89999DA26EE}
	EndGlobalSection
EndGlobal
