
Microsoft Visual Studio Solution File, Format Version 12.00
# Visual Studio Version 16
VisualStudioVersion = 16.0.29519.87
MinimumVisualStudioVersion = 10.0.40219.1
Project("{FAE04EC0-301F-11D3-BF4B-00C04F79EFBC}") = "Conjuntos_Pt1", "Conjuntos_Pt1\Conjuntos_Pt1.csproj", "{C9BCC2E2-CB6D-407C-86D4-D6CA681B64EA}"
EndProject
Global
	GlobalSection(SolutionConfigurationPlatforms) = preSolution
		Debug|Any CPU = Debug|Any CPU
		Release|Any CPU = Release|Any CPU
	EndGlobalSection
	GlobalSection(ProjectConfigurationPlatforms) = postSolution
		{C9BCC2E2-CB6D-407C-86D4-D6CA681B64EA}.Debug|Any CPU.ActiveCfg = Debug|Any CPU
		{C9BCC2E2-CB6D-407C-86D4-D6CA681B64EA}.Debug|Any CPU.Build.0 = Debug|Any CPU
		{C9BCC2E2-CB6D-407C-86D4-D6CA681B64EA}.Release|Any CPU.ActiveCfg = Release|Any CPU
		{C9BCC2E2-CB6D-407C-86D4-D6CA681B64EA}.Release|Any CPU.Build.0 = Release|Any CPU
	EndGlobalSection
	GlobalSection(SolutionProperties) = preSolution
		HideSolutionNode = FALSE
	EndGlobalSection
	GlobalSection(ExtensibilityGlobals) = postSolution
		SolutionGuid = {7C0AA856-72CA-414B-960D-EBF1541CD9ED}
	EndGlobalSection
EndGlobal
