
Microsoft Visual Studio Solution File, Format Version 12.00
# Visual Studio Version 16
VisualStudioVersion = 16.0.29519.87
MinimumVisualStudioVersion = 10.0.40219.1
Project("{FAE04EC0-301F-11D3-BF4B-00C04F79EFBC}") = "ExercicioFixacaoVetores", "ExercicioFixacaoVetores\ExercicioFixacaoVetores.csproj", "{EE3BCFCF-D6C7-4EA0-A3F9-42A52C4B16A8}"
EndProject
Global
	GlobalSection(SolutionConfigurationPlatforms) = preSolution
		Debug|Any CPU = Debug|Any CPU
		Release|Any CPU = Release|Any CPU
	EndGlobalSection
	GlobalSection(ProjectConfigurationPlatforms) = postSolution
		{EE3BCFCF-D6C7-4EA0-A3F9-42A52C4B16A8}.Debug|Any CPU.ActiveCfg = Debug|Any CPU
		{EE3BCFCF-D6C7-4EA0-A3F9-42A52C4B16A8}.Debug|Any CPU.Build.0 = Debug|Any CPU
		{EE3BCFCF-D6C7-4EA0-A3F9-42A52C4B16A8}.Release|Any CPU.ActiveCfg = Release|Any CPU
		{EE3BCFCF-D6C7-4EA0-A3F9-42A52C4B16A8}.Release|Any CPU.Build.0 = Release|Any CPU
	EndGlobalSection
	GlobalSection(SolutionProperties) = preSolution
		HideSolutionNode = FALSE
	EndGlobalSection
	GlobalSection(ExtensibilityGlobals) = postSolution
		SolutionGuid = {1488F4EE-ED0D-4107-BB80-FBC76BCD7EFA}
	EndGlobalSection
EndGlobal
